
Microsoft Visual Studio Solution File, Format Version 12.00
# Visual Studio Version 17
VisualStudioVersion = 17.8.34316.72
MinimumVisualStudioVersion = 10.0.40219.1
Project("{FAE04EC0-301F-11D3-BF4B-00C04F79EFBC}") = "ScanMaSoThue", "ScanMaSoThue.csproj", "{B421072D-F9B9-4F14-862B-390AE6A17C79}"
EndProject
Global
	GlobalSection(SolutionConfigurationPlatforms) = preSolution
		Debug|Any CPU = Debug|Any CPU
		Release|Any CPU = Release|Any CPU
	EndGlobalSection
	GlobalSection(ProjectConfigurationPlatforms) = postSolution
		{B421072D-F9B9-4F14-862B-390AE6A17C79}.Debug|Any CPU.ActiveCfg = Debug|Any CPU
		{B421072D-F9B9-4F14-862B-390AE6A17C79}.Debug|Any CPU.Build.0 = Debug|Any CPU
		{B421072D-F9B9-4F14-862B-390AE6A17C79}.Release|Any CPU.ActiveCfg = Release|Any CPU
		{B421072D-F9B9-4F14-862B-390AE6A17C79}.Release|Any CPU.Build.0 = Release|Any CPU
	EndGlobalSection
	GlobalSection(SolutionProperties) = preSolution
		HideSolutionNode = FALSE
	EndGlobalSection
	GlobalSection(ExtensibilityGlobals) = postSolution
		SolutionGuid = {1B892368-ED30-4B3E-A65E-2E23FB211C22}
	EndGlobalSection
EndGlobal
